// !$*UTF8*$!
{
	archiveVersion = 1;
	classes = {
	};
	objectVersion = 46;
	objects = {

/* Begin PBXBuildFile section */
		008F07F31AC5B25A0029DE68 /* main.jsbundle in Resources */ = {isa = PBXBuildFile; fileRef = 008F07F21AC5B25A0029DE68 /* main.jsbundle */; };
		00C302E51ABCBA2D00DB3ED1 /* libRCTActionSheet.a in Frameworks */ = {isa = PBXBuildFile; fileRef = 00C302AC1ABCB8CE00DB3ED1 /* libRCTActionSheet.a */; };
		00C302E71ABCBA2D00DB3ED1 /* libRCTGeolocation.a in Frameworks */ = {isa = PBXBuildFile; fileRef = 00C302BA1ABCB90400DB3ED1 /* libRCTGeolocation.a */; };
		00C302E81ABCBA2D00DB3ED1 /* libRCTImage.a in Frameworks */ = {isa = PBXBuildFile; fileRef = 00C302C01ABCB91800DB3ED1 /* libRCTImage.a */; };
		00C302E91ABCBA2D00DB3ED1 /* libRCTNetwork.a in Frameworks */ = {isa = PBXBuildFile; fileRef = 00C302DC1ABCB9D200DB3ED1 /* libRCTNetwork.a */; };
		00C302EA1ABCBA2D00DB3ED1 /* libRCTVibration.a in Frameworks */ = {isa = PBXBuildFile; fileRef = 00C302E41ABCB9EE00DB3ED1 /* libRCTVibration.a */; };
		00E356F31AD99517003FC87E /* LoclTests.m in Sources */ = {isa = PBXBuildFile; fileRef = 00E356F21AD99517003FC87E /* LoclTests.m */; };
		011DBE2B1BE6EA6B00B0C3E0 /* RCTConvert+FBSDKSharingContent.m in Sources */ = {isa = PBXBuildFile; fileRef = 011DBE131BE6EA6B00B0C3E0 /* RCTConvert+FBSDKSharingContent.m */; };
		011DBE2C1BE6EA6B00B0C3E0 /* RCTFBSDKAppGroupAddDialog.m in Sources */ = {isa = PBXBuildFile; fileRef = 011DBE151BE6EA6B00B0C3E0 /* RCTFBSDKAppGroupAddDialog.m */; };
		011DBE2D1BE6EA6B00B0C3E0 /* RCTFBSDKAppGroupJoinDialog.m in Sources */ = {isa = PBXBuildFile; fileRef = 011DBE171BE6EA6B00B0C3E0 /* RCTFBSDKAppGroupJoinDialog.m */; };
		011DBE2E1BE6EA6B00B0C3E0 /* RCTFBSDKAppInviteDialog.m in Sources */ = {isa = PBXBuildFile; fileRef = 011DBE191BE6EA6B00B0C3E0 /* RCTFBSDKAppInviteDialog.m */; };
		011DBE2F1BE6EA6B00B0C3E0 /* RCTFBSDKGameRequestDialog.m in Sources */ = {isa = PBXBuildFile; fileRef = 011DBE1B1BE6EA6B00B0C3E0 /* RCTFBSDKGameRequestDialog.m */; };
		011DBE301BE6EA6B00B0C3E0 /* RCTFBSDKLikeControlManager.m in Sources */ = {isa = PBXBuildFile; fileRef = 011DBE1D1BE6EA6B00B0C3E0 /* RCTFBSDKLikeControlManager.m */; };
		011DBE311BE6EA6B00B0C3E0 /* RCTFBSDKMessageDialog.m in Sources */ = {isa = PBXBuildFile; fileRef = 011DBE1F1BE6EA6B00B0C3E0 /* RCTFBSDKMessageDialog.m */; };
		011DBE321BE6EA6B00B0C3E0 /* RCTFBSDKSendButtonManager.m in Sources */ = {isa = PBXBuildFile; fileRef = 011DBE211BE6EA6B00B0C3E0 /* RCTFBSDKSendButtonManager.m */; };
		011DBE331BE6EA6B00B0C3E0 /* RCTFBSDKShareAPI.m in Sources */ = {isa = PBXBuildFile; fileRef = 011DBE231BE6EA6B00B0C3E0 /* RCTFBSDKShareAPI.m */; };
		011DBE341BE6EA6B00B0C3E0 /* RCTFBSDKShareButtonManager.m in Sources */ = {isa = PBXBuildFile; fileRef = 011DBE251BE6EA6B00B0C3E0 /* RCTFBSDKShareButtonManager.m */; };
		011DBE351BE6EA6B00B0C3E0 /* RCTFBSDKShareDialog.m in Sources */ = {isa = PBXBuildFile; fileRef = 011DBE271BE6EA6B00B0C3E0 /* RCTFBSDKShareDialog.m */; };
		011DBE361BE6EA6B00B0C3E0 /* RCTFBSDKShareHelper.m in Sources */ = {isa = PBXBuildFile; fileRef = 011DBE291BE6EA6B00B0C3E0 /* RCTFBSDKShareHelper.m */; };
		011DBE371BE6EA6B00B0C3E0 /* RCTFBSDKShareInitializer.m in Sources */ = {isa = PBXBuildFile; fileRef = 011DBE2A1BE6EA6B00B0C3E0 /* RCTFBSDKShareInitializer.m */; };
		011DBE3F1BE6EA8000B0C3E0 /* RCTConvert+FBSDKLogin.m in Sources */ = {isa = PBXBuildFile; fileRef = 011DBE391BE6EA8000B0C3E0 /* RCTConvert+FBSDKLogin.m */; };
		011DBE401BE6EA8000B0C3E0 /* RCTFBSDKLoginButtonManager.m in Sources */ = {isa = PBXBuildFile; fileRef = 011DBE3B1BE6EA8000B0C3E0 /* RCTFBSDKLoginButtonManager.m */; };
		011DBE411BE6EA8000B0C3E0 /* RCTFBSDKLoginInitializer.m in Sources */ = {isa = PBXBuildFile; fileRef = 011DBE3C1BE6EA8000B0C3E0 /* RCTFBSDKLoginInitializer.m */; };
		011DBE421BE6EA8000B0C3E0 /* RCTFBSDKLoginManager.m in Sources */ = {isa = PBXBuildFile; fileRef = 011DBE3E1BE6EA8000B0C3E0 /* RCTFBSDKLoginManager.m */; };
		011DBE4E1BE6EA9600B0C3E0 /* RCTConvert+FBSDKAccessToken.m in Sources */ = {isa = PBXBuildFile; fileRef = 011DBE441BE6EA9600B0C3E0 /* RCTConvert+FBSDKAccessToken.m */; };
		011DBE4F1BE6EA9600B0C3E0 /* RCTFBSDKAccessToken.m in Sources */ = {isa = PBXBuildFile; fileRef = 011DBE461BE6EA9600B0C3E0 /* RCTFBSDKAccessToken.m */; };
		011DBE501BE6EA9600B0C3E0 /* RCTFBSDKAppEvents.m in Sources */ = {isa = PBXBuildFile; fileRef = 011DBE481BE6EA9600B0C3E0 /* RCTFBSDKAppEvents.m */; };
		011DBE511BE6EA9600B0C3E0 /* RCTFBSDKCoreInitializer.m in Sources */ = {isa = PBXBuildFile; fileRef = 011DBE491BE6EA9600B0C3E0 /* RCTFBSDKCoreInitializer.m */; };
		011DBE521BE6EA9600B0C3E0 /* RCTFBSDKGraphRequestConnectionContainer.m in Sources */ = {isa = PBXBuildFile; fileRef = 011DBE4B1BE6EA9600B0C3E0 /* RCTFBSDKGraphRequestConnectionContainer.m */; };
		011DBE531BE6EA9600B0C3E0 /* RCTFBSDKGraphRequestManager.m in Sources */ = {isa = PBXBuildFile; fileRef = 011DBE4D1BE6EA9600B0C3E0 /* RCTFBSDKGraphRequestManager.m */; };
		01D1450A1BFD6AE200BBA2B6 /* Bolts.framework in Frameworks */ = {isa = PBXBuildFile; fileRef = 01D145061BFD6AE200BBA2B6 /* Bolts.framework */; };
		01D1450B1BFD6AE200BBA2B6 /* FBSDKCoreKit.framework in Frameworks */ = {isa = PBXBuildFile; fileRef = 01D145071BFD6AE200BBA2B6 /* FBSDKCoreKit.framework */; };
		01D1450C1BFD6AE200BBA2B6 /* FBSDKLoginKit.framework in Frameworks */ = {isa = PBXBuildFile; fileRef = 01D145081BFD6AE200BBA2B6 /* FBSDKLoginKit.framework */; };
		01D1450D1BFD6AE200BBA2B6 /* FBSDKShareKit.framework in Frameworks */ = {isa = PBXBuildFile; fileRef = 01D145091BFD6AE200BBA2B6 /* FBSDKShareKit.framework */; };
		133E29F31AD74F7200F7D852 /* libRCTLinking.a in Frameworks */ = {isa = PBXBuildFile; fileRef = 78C398B91ACF4ADC00677621 /* libRCTLinking.a */; };
		139105C61AF99C1200B5F7CC /* libRCTSettings.a in Frameworks */ = {isa = PBXBuildFile; fileRef = 139105C11AF99BAD00B5F7CC /* libRCTSettings.a */; };
		139FDEF61B0652A700C62182 /* libRCTWebSocket.a in Frameworks */ = {isa = PBXBuildFile; fileRef = 139FDEF41B06529B00C62182 /* libRCTWebSocket.a */; };
		13B07FBC1A68108700A75B9A /* AppDelegate.m in Sources */ = {isa = PBXBuildFile; fileRef = 13B07FB01A68108700A75B9A /* AppDelegate.m */; };
		13B07FBF1A68108700A75B9A /* Images.xcassets in Resources */ = {isa = PBXBuildFile; fileRef = 13B07FB51A68108700A75B9A /* Images.xcassets */; };
		13B07FC11A68108700A75B9A /* main.m in Sources */ = {isa = PBXBuildFile; fileRef = 13B07FB71A68108700A75B9A /* main.m */; };
		146834051AC3E58100842450 /* libReact.a in Frameworks */ = {isa = PBXBuildFile; fileRef = 146834041AC3E56700842450 /* libReact.a */; };
		832341BD1AAA6AB300B99B32 /* libRCTText.a in Frameworks */ = {isa = PBXBuildFile; fileRef = 832341B51AAA6A8300B99B32 /* libRCTText.a */; };
		950F48031BD44165005A262F /* libRNBeacon.a in Frameworks */ = {isa = PBXBuildFile; fileRef = 950F47F61BD44123005A262F /* libRNBeacon.a */; };
		950F480F1BD4416C005A262F /* CoreLocation.framework in Frameworks */ = {isa = PBXBuildFile; fileRef = 950F480E1BD4416C005A262F /* CoreLocation.framework */; };
		952B7D671BCEF32900AB55A4 /* BluetoothBeacon.m in Sources */ = {isa = PBXBuildFile; fileRef = 952B7D651BCEF32900AB55A4 /* BluetoothBeacon.m */; };
		952B7D681BCEF32900AB55A4 /* BluetoothBeacon.swift in Sources */ = {isa = PBXBuildFile; fileRef = 952B7D661BCEF32900AB55A4 /* BluetoothBeacon.swift */; };
		954D30B21C053E5E000A8A8D /* libRCTCamera.a in Frameworks */ = {isa = PBXBuildFile; fileRef = 954D30A51C053E44000A8A8D /* libRCTCamera.a */; };
		954D30B41C05412F000A8A8D /* UIImagePickerManager in Resources */ = {isa = PBXBuildFile; fileRef = 954D30B31C05412F000A8A8D /* UIImagePickerManager */; };
		954D30B71C05417D000A8A8D /* UIImagePickerManager.m in Sources */ = {isa = PBXBuildFile; fileRef = 954D30B61C05417D000A8A8D /* UIImagePickerManager.m */; };
		9550C6051BE7E88B00C65659 /* libRNBluetoothState.a in Frameworks */ = {isa = PBXBuildFile; fileRef = 9550C6041BE7E86D00C65659 /* libRNBluetoothState.a */; };
		9550C6071BE7E89100C65659 /* CoreBluetooth.framework in Frameworks */ = {isa = PBXBuildFile; fileRef = 9550C6061BE7E89100C65659 /* CoreBluetooth.framework */; };
/* End PBXBuildFile section */

/* Begin PBXContainerItemProxy section */
		00C302AB1ABCB8CE00DB3ED1 /* PBXContainerItemProxy */ = {
			isa = PBXContainerItemProxy;
			containerPortal = 00C302A71ABCB8CE00DB3ED1 /* RCTActionSheet.xcodeproj */;
			proxyType = 2;
			remoteGlobalIDString = 134814201AA4EA6300B7C361;
			remoteInfo = RCTActionSheet;
		};
		00C302B91ABCB90400DB3ED1 /* PBXContainerItemProxy */ = {
			isa = PBXContainerItemProxy;
			containerPortal = 00C302B51ABCB90400DB3ED1 /* RCTGeolocation.xcodeproj */;
			proxyType = 2;
			remoteGlobalIDString = 134814201AA4EA6300B7C361;
			remoteInfo = RCTGeolocation;
		};
		00C302BF1ABCB91800DB3ED1 /* PBXContainerItemProxy */ = {
			isa = PBXContainerItemProxy;
			containerPortal = 00C302BB1ABCB91800DB3ED1 /* RCTImage.xcodeproj */;
			proxyType = 2;
			remoteGlobalIDString = 58B5115D1A9E6B3D00147676;
			remoteInfo = RCTImage;
		};
		00C302DB1ABCB9D200DB3ED1 /* PBXContainerItemProxy */ = {
			isa = PBXContainerItemProxy;
			containerPortal = 00C302D31ABCB9D200DB3ED1 /* RCTNetwork.xcodeproj */;
			proxyType = 2;
			remoteGlobalIDString = 58B511DB1A9E6C8500147676;
			remoteInfo = RCTNetwork;
		};
		00C302E31ABCB9EE00DB3ED1 /* PBXContainerItemProxy */ = {
			isa = PBXContainerItemProxy;
			containerPortal = 00C302DF1ABCB9EE00DB3ED1 /* RCTVibration.xcodeproj */;
			proxyType = 2;
			remoteGlobalIDString = 832C81801AAF6DEF007FA2F7;
			remoteInfo = RCTVibration;
		};
		00E356F41AD99517003FC87E /* PBXContainerItemProxy */ = {
			isa = PBXContainerItemProxy;
			containerPortal = 83CBB9F71A601CBA00E9B192 /* Project object */;
			proxyType = 1;
			remoteGlobalIDString = 13B07F861A680F5B00A75B9A;
			remoteInfo = Locl;
		};
		139105C01AF99BAD00B5F7CC /* PBXContainerItemProxy */ = {
			isa = PBXContainerItemProxy;
			containerPortal = 139105B61AF99BAD00B5F7CC /* RCTSettings.xcodeproj */;
			proxyType = 2;
			remoteGlobalIDString = 134814201AA4EA6300B7C361;
			remoteInfo = RCTSettings;
		};
		139FDEF31B06529B00C62182 /* PBXContainerItemProxy */ = {
			isa = PBXContainerItemProxy;
			containerPortal = 139FDEE61B06529A00C62182 /* RCTWebSocket.xcodeproj */;
			proxyType = 2;
			remoteGlobalIDString = 3C86DF461ADF2C930047B81A;
			remoteInfo = RCTWebSocket;
		};
		146834031AC3E56700842450 /* PBXContainerItemProxy */ = {
			isa = PBXContainerItemProxy;
			containerPortal = 146833FF1AC3E56700842450 /* React.xcodeproj */;
			proxyType = 2;
			remoteGlobalIDString = 83CBBA2E1A601D0E00E9B192;
			remoteInfo = React;
		};
		78C398B81ACF4ADC00677621 /* PBXContainerItemProxy */ = {
			isa = PBXContainerItemProxy;
			containerPortal = 78C398B01ACF4ADC00677621 /* RCTLinking.xcodeproj */;
			proxyType = 2;
			remoteGlobalIDString = 134814201AA4EA6300B7C361;
			remoteInfo = RCTLinking;
		};
		832341B41AAA6A8300B99B32 /* PBXContainerItemProxy */ = {
			isa = PBXContainerItemProxy;
			containerPortal = 832341B01AAA6A8300B99B32 /* RCTText.xcodeproj */;
			proxyType = 2;
			remoteGlobalIDString = 58B5119B1A9E6C1200147676;
			remoteInfo = RCTText;
		};
		950F47F51BD44123005A262F /* PBXContainerItemProxy */ = {
			isa = PBXContainerItemProxy;
			containerPortal = 950F47E71BD44123005A262F /* RNBeacon.xcodeproj */;
			proxyType = 2;
			remoteGlobalIDString = 134814201AA4EA6300B7C361;
			remoteInfo = RNBeacon;
		};
		951DE5B21C0CF4E4005DEE91 /* PBXContainerItemProxy */ = {
			isa = PBXContainerItemProxy;
			containerPortal = 951DE5AE1C0CF4E3005DEE91 /* RCTCamera.xcodeproj */;
			proxyType = 2;
			remoteGlobalIDString = 4107012F1ACB723B00C6AA39;
			remoteInfo = RCTCamera;
		};
		954D30A41C053E44000A8A8D /* PBXContainerItemProxy */ = {
			isa = PBXContainerItemProxy;
			containerPortal = 954D309F1C053E44000A8A8D /* RCTCamera.xcodeproj */;
			proxyType = 2;
			remoteGlobalIDString = 4107012F1ACB723B00C6AA39;
			remoteInfo = RCTCamera;
		};
		9550C6031BE7E86D00C65659 /* PBXContainerItemProxy */ = {
			isa = PBXContainerItemProxy;
			containerPortal = 9550C5F41BE7E86D00C65659 /* RNBluetoothState.xcodeproj */;
			proxyType = 2;
			remoteGlobalIDString = 134814201AA4EA6300B7C361;
			remoteInfo = RNBluetoothState;
		};
		95DA55491BF70A0F005CCC6B /* PBXContainerItemProxy */ = {
			isa = PBXContainerItemProxy;
			containerPortal = 95DA553A1BF70A0E005CCC6B /* RNBeacon.xcodeproj */;
			proxyType = 2;
			remoteGlobalIDString = 134814201AA4EA6300B7C361;
			remoteInfo = RNBeacon;
		};
/* End PBXContainerItemProxy section */

/* Begin PBXFileReference section */
		008F07F21AC5B25A0029DE68 /* main.jsbundle */ = {isa = PBXFileReference; fileEncoding = 4; lastKnownFileType = text; path = main.jsbundle; sourceTree = "<group>"; };
		00C302A71ABCB8CE00DB3ED1 /* RCTActionSheet.xcodeproj */ = {isa = PBXFileReference; lastKnownFileType = "wrapper.pb-project"; name = RCTActionSheet.xcodeproj; path = "../node_modules/react-native/Libraries/ActionSheetIOS/RCTActionSheet.xcodeproj"; sourceTree = "<group>"; };
		00C302B51ABCB90400DB3ED1 /* RCTGeolocation.xcodeproj */ = {isa = PBXFileReference; lastKnownFileType = "wrapper.pb-project"; name = RCTGeolocation.xcodeproj; path = "../node_modules/react-native/Libraries/Geolocation/RCTGeolocation.xcodeproj"; sourceTree = "<group>"; };
		00C302BB1ABCB91800DB3ED1 /* RCTImage.xcodeproj */ = {isa = PBXFileReference; lastKnownFileType = "wrapper.pb-project"; name = RCTImage.xcodeproj; path = "../node_modules/react-native/Libraries/Image/RCTImage.xcodeproj"; sourceTree = "<group>"; };
		00C302D31ABCB9D200DB3ED1 /* RCTNetwork.xcodeproj */ = {isa = PBXFileReference; lastKnownFileType = "wrapper.pb-project"; name = RCTNetwork.xcodeproj; path = "../node_modules/react-native/Libraries/Network/RCTNetwork.xcodeproj"; sourceTree = "<group>"; };
		00C302DF1ABCB9EE00DB3ED1 /* RCTVibration.xcodeproj */ = {isa = PBXFileReference; lastKnownFileType = "wrapper.pb-project"; name = RCTVibration.xcodeproj; path = "../node_modules/react-native/Libraries/Vibration/RCTVibration.xcodeproj"; sourceTree = "<group>"; };
		00E356EE1AD99517003FC87E /* LoclTests.xctest */ = {isa = PBXFileReference; explicitFileType = wrapper.cfbundle; includeInIndex = 0; path = LoclTests.xctest; sourceTree = BUILT_PRODUCTS_DIR; };
		00E356F11AD99517003FC87E /* Info.plist */ = {isa = PBXFileReference; lastKnownFileType = text.plist.xml; path = Info.plist; sourceTree = "<group>"; };
		00E356F21AD99517003FC87E /* LoclTests.m */ = {isa = PBXFileReference; lastKnownFileType = sourcecode.c.objc; path = LoclTests.m; sourceTree = "<group>"; };
		011DBE121BE6EA6B00B0C3E0 /* RCTConvert+FBSDKSharingContent.h */ = {isa = PBXFileReference; fileEncoding = 4; lastKnownFileType = sourcecode.c.h; name = "RCTConvert+FBSDKSharingContent.h"; path = "../node_modules/react-native-fbsdkshare/iOS/RCTConvert+FBSDKSharingContent.h"; sourceTree = "<group>"; };
		011DBE131BE6EA6B00B0C3E0 /* RCTConvert+FBSDKSharingContent.m */ = {isa = PBXFileReference; fileEncoding = 4; lastKnownFileType = sourcecode.c.objc; name = "RCTConvert+FBSDKSharingContent.m"; path = "../node_modules/react-native-fbsdkshare/iOS/RCTConvert+FBSDKSharingContent.m"; sourceTree = "<group>"; };
		011DBE141BE6EA6B00B0C3E0 /* RCTFBSDKAppGroupAddDialog.h */ = {isa = PBXFileReference; fileEncoding = 4; lastKnownFileType = sourcecode.c.h; name = RCTFBSDKAppGroupAddDialog.h; path = "../node_modules/react-native-fbsdkshare/iOS/RCTFBSDKAppGroupAddDialog.h"; sourceTree = "<group>"; };
		011DBE151BE6EA6B00B0C3E0 /* RCTFBSDKAppGroupAddDialog.m */ = {isa = PBXFileReference; fileEncoding = 4; lastKnownFileType = sourcecode.c.objc; name = RCTFBSDKAppGroupAddDialog.m; path = "../node_modules/react-native-fbsdkshare/iOS/RCTFBSDKAppGroupAddDialog.m"; sourceTree = "<group>"; };
		011DBE161BE6EA6B00B0C3E0 /* RCTFBSDKAppGroupJoinDialog.h */ = {isa = PBXFileReference; fileEncoding = 4; lastKnownFileType = sourcecode.c.h; name = RCTFBSDKAppGroupJoinDialog.h; path = "../node_modules/react-native-fbsdkshare/iOS/RCTFBSDKAppGroupJoinDialog.h"; sourceTree = "<group>"; };
		011DBE171BE6EA6B00B0C3E0 /* RCTFBSDKAppGroupJoinDialog.m */ = {isa = PBXFileReference; fileEncoding = 4; lastKnownFileType = sourcecode.c.objc; name = RCTFBSDKAppGroupJoinDialog.m; path = "../node_modules/react-native-fbsdkshare/iOS/RCTFBSDKAppGroupJoinDialog.m"; sourceTree = "<group>"; };
		011DBE181BE6EA6B00B0C3E0 /* RCTFBSDKAppInviteDialog.h */ = {isa = PBXFileReference; fileEncoding = 4; lastKnownFileType = sourcecode.c.h; name = RCTFBSDKAppInviteDialog.h; path = "../node_modules/react-native-fbsdkshare/iOS/RCTFBSDKAppInviteDialog.h"; sourceTree = "<group>"; };
		011DBE191BE6EA6B00B0C3E0 /* RCTFBSDKAppInviteDialog.m */ = {isa = PBXFileReference; fileEncoding = 4; lastKnownFileType = sourcecode.c.objc; name = RCTFBSDKAppInviteDialog.m; path = "../node_modules/react-native-fbsdkshare/iOS/RCTFBSDKAppInviteDialog.m"; sourceTree = "<group>"; };
		011DBE1A1BE6EA6B00B0C3E0 /* RCTFBSDKGameRequestDialog.h */ = {isa = PBXFileReference; fileEncoding = 4; lastKnownFileType = sourcecode.c.h; name = RCTFBSDKGameRequestDialog.h; path = "../node_modules/react-native-fbsdkshare/iOS/RCTFBSDKGameRequestDialog.h"; sourceTree = "<group>"; };
		011DBE1B1BE6EA6B00B0C3E0 /* RCTFBSDKGameRequestDialog.m */ = {isa = PBXFileReference; fileEncoding = 4; lastKnownFileType = sourcecode.c.objc; name = RCTFBSDKGameRequestDialog.m; path = "../node_modules/react-native-fbsdkshare/iOS/RCTFBSDKGameRequestDialog.m"; sourceTree = "<group>"; };
		011DBE1C1BE6EA6B00B0C3E0 /* RCTFBSDKLikeControlManager.h */ = {isa = PBXFileReference; fileEncoding = 4; lastKnownFileType = sourcecode.c.h; name = RCTFBSDKLikeControlManager.h; path = "../node_modules/react-native-fbsdkshare/iOS/RCTFBSDKLikeControlManager.h"; sourceTree = "<group>"; };
		011DBE1D1BE6EA6B00B0C3E0 /* RCTFBSDKLikeControlManager.m */ = {isa = PBXFileReference; fileEncoding = 4; lastKnownFileType = sourcecode.c.objc; name = RCTFBSDKLikeControlManager.m; path = "../node_modules/react-native-fbsdkshare/iOS/RCTFBSDKLikeControlManager.m"; sourceTree = "<group>"; };
		011DBE1E1BE6EA6B00B0C3E0 /* RCTFBSDKMessageDialog.h */ = {isa = PBXFileReference; fileEncoding = 4; lastKnownFileType = sourcecode.c.h; name = RCTFBSDKMessageDialog.h; path = "../node_modules/react-native-fbsdkshare/iOS/RCTFBSDKMessageDialog.h"; sourceTree = "<group>"; };
		011DBE1F1BE6EA6B00B0C3E0 /* RCTFBSDKMessageDialog.m */ = {isa = PBXFileReference; fileEncoding = 4; lastKnownFileType = sourcecode.c.objc; name = RCTFBSDKMessageDialog.m; path = "../node_modules/react-native-fbsdkshare/iOS/RCTFBSDKMessageDialog.m"; sourceTree = "<group>"; };
		011DBE201BE6EA6B00B0C3E0 /* RCTFBSDKSendButtonManager.h */ = {isa = PBXFileReference; fileEncoding = 4; lastKnownFileType = sourcecode.c.h; name = RCTFBSDKSendButtonManager.h; path = "../node_modules/react-native-fbsdkshare/iOS/RCTFBSDKSendButtonManager.h"; sourceTree = "<group>"; };
		011DBE211BE6EA6B00B0C3E0 /* RCTFBSDKSendButtonManager.m */ = {isa = PBXFileReference; fileEncoding = 4; lastKnownFileType = sourcecode.c.objc; name = RCTFBSDKSendButtonManager.m; path = "../node_modules/react-native-fbsdkshare/iOS/RCTFBSDKSendButtonManager.m"; sourceTree = "<group>"; };
		011DBE221BE6EA6B00B0C3E0 /* RCTFBSDKShareAPI.h */ = {isa = PBXFileReference; fileEncoding = 4; lastKnownFileType = sourcecode.c.h; name = RCTFBSDKShareAPI.h; path = "../node_modules/react-native-fbsdkshare/iOS/RCTFBSDKShareAPI.h"; sourceTree = "<group>"; };
		011DBE231BE6EA6B00B0C3E0 /* RCTFBSDKShareAPI.m */ = {isa = PBXFileReference; fileEncoding = 4; lastKnownFileType = sourcecode.c.objc; name = RCTFBSDKShareAPI.m; path = "../node_modules/react-native-fbsdkshare/iOS/RCTFBSDKShareAPI.m"; sourceTree = "<group>"; };
		011DBE241BE6EA6B00B0C3E0 /* RCTFBSDKShareButtonManager.h */ = {isa = PBXFileReference; fileEncoding = 4; lastKnownFileType = sourcecode.c.h; name = RCTFBSDKShareButtonManager.h; path = "../node_modules/react-native-fbsdkshare/iOS/RCTFBSDKShareButtonManager.h"; sourceTree = "<group>"; };
		011DBE251BE6EA6B00B0C3E0 /* RCTFBSDKShareButtonManager.m */ = {isa = PBXFileReference; fileEncoding = 4; lastKnownFileType = sourcecode.c.objc; name = RCTFBSDKShareButtonManager.m; path = "../node_modules/react-native-fbsdkshare/iOS/RCTFBSDKShareButtonManager.m"; sourceTree = "<group>"; };
		011DBE261BE6EA6B00B0C3E0 /* RCTFBSDKShareDialog.h */ = {isa = PBXFileReference; fileEncoding = 4; lastKnownFileType = sourcecode.c.h; name = RCTFBSDKShareDialog.h; path = "../node_modules/react-native-fbsdkshare/iOS/RCTFBSDKShareDialog.h"; sourceTree = "<group>"; };
		011DBE271BE6EA6B00B0C3E0 /* RCTFBSDKShareDialog.m */ = {isa = PBXFileReference; fileEncoding = 4; lastKnownFileType = sourcecode.c.objc; name = RCTFBSDKShareDialog.m; path = "../node_modules/react-native-fbsdkshare/iOS/RCTFBSDKShareDialog.m"; sourceTree = "<group>"; };
		011DBE281BE6EA6B00B0C3E0 /* RCTFBSDKShareHelper.h */ = {isa = PBXFileReference; fileEncoding = 4; lastKnownFileType = sourcecode.c.h; name = RCTFBSDKShareHelper.h; path = "../node_modules/react-native-fbsdkshare/iOS/RCTFBSDKShareHelper.h"; sourceTree = "<group>"; };
		011DBE291BE6EA6B00B0C3E0 /* RCTFBSDKShareHelper.m */ = {isa = PBXFileReference; fileEncoding = 4; lastKnownFileType = sourcecode.c.objc; name = RCTFBSDKShareHelper.m; path = "../node_modules/react-native-fbsdkshare/iOS/RCTFBSDKShareHelper.m"; sourceTree = "<group>"; };
		011DBE2A1BE6EA6B00B0C3E0 /* RCTFBSDKShareInitializer.m */ = {isa = PBXFileReference; fileEncoding = 4; lastKnownFileType = sourcecode.c.objc; name = RCTFBSDKShareInitializer.m; path = "../node_modules/react-native-fbsdkshare/iOS/RCTFBSDKShareInitializer.m"; sourceTree = "<group>"; };
		011DBE381BE6EA8000B0C3E0 /* RCTConvert+FBSDKLogin.h */ = {isa = PBXFileReference; fileEncoding = 4; lastKnownFileType = sourcecode.c.h; name = "RCTConvert+FBSDKLogin.h"; path = "../node_modules/react-native-fbsdklogin/iOS/RCTConvert+FBSDKLogin.h"; sourceTree = "<group>"; };
		011DBE391BE6EA8000B0C3E0 /* RCTConvert+FBSDKLogin.m */ = {isa = PBXFileReference; fileEncoding = 4; lastKnownFileType = sourcecode.c.objc; name = "RCTConvert+FBSDKLogin.m"; path = "../node_modules/react-native-fbsdklogin/iOS/RCTConvert+FBSDKLogin.m"; sourceTree = "<group>"; };
		011DBE3A1BE6EA8000B0C3E0 /* RCTFBSDKLoginButtonManager.h */ = {isa = PBXFileReference; fileEncoding = 4; lastKnownFileType = sourcecode.c.h; name = RCTFBSDKLoginButtonManager.h; path = "../node_modules/react-native-fbsdklogin/iOS/RCTFBSDKLoginButtonManager.h"; sourceTree = "<group>"; };
		011DBE3B1BE6EA8000B0C3E0 /* RCTFBSDKLoginButtonManager.m */ = {isa = PBXFileReference; fileEncoding = 4; lastKnownFileType = sourcecode.c.objc; name = RCTFBSDKLoginButtonManager.m; path = "../node_modules/react-native-fbsdklogin/iOS/RCTFBSDKLoginButtonManager.m"; sourceTree = "<group>"; };
		011DBE3C1BE6EA8000B0C3E0 /* RCTFBSDKLoginInitializer.m */ = {isa = PBXFileReference; fileEncoding = 4; lastKnownFileType = sourcecode.c.objc; name = RCTFBSDKLoginInitializer.m; path = "../node_modules/react-native-fbsdklogin/iOS/RCTFBSDKLoginInitializer.m"; sourceTree = "<group>"; };
		011DBE3D1BE6EA8000B0C3E0 /* RCTFBSDKLoginManager.h */ = {isa = PBXFileReference; fileEncoding = 4; lastKnownFileType = sourcecode.c.h; name = RCTFBSDKLoginManager.h; path = "../node_modules/react-native-fbsdklogin/iOS/RCTFBSDKLoginManager.h"; sourceTree = "<group>"; };
		011DBE3E1BE6EA8000B0C3E0 /* RCTFBSDKLoginManager.m */ = {isa = PBXFileReference; fileEncoding = 4; lastKnownFileType = sourcecode.c.objc; name = RCTFBSDKLoginManager.m; path = "../node_modules/react-native-fbsdklogin/iOS/RCTFBSDKLoginManager.m"; sourceTree = "<group>"; };
		011DBE431BE6EA9600B0C3E0 /* RCTConvert+FBSDKAccessToken.h */ = {isa = PBXFileReference; fileEncoding = 4; lastKnownFileType = sourcecode.c.h; name = "RCTConvert+FBSDKAccessToken.h"; path = "../node_modules/react-native-fbsdkcore/iOS/RCTConvert+FBSDKAccessToken.h"; sourceTree = "<group>"; };
		011DBE441BE6EA9600B0C3E0 /* RCTConvert+FBSDKAccessToken.m */ = {isa = PBXFileReference; fileEncoding = 4; lastKnownFileType = sourcecode.c.objc; name = "RCTConvert+FBSDKAccessToken.m"; path = "../node_modules/react-native-fbsdkcore/iOS/RCTConvert+FBSDKAccessToken.m"; sourceTree = "<group>"; };
		011DBE451BE6EA9600B0C3E0 /* RCTFBSDKAccessToken.h */ = {isa = PBXFileReference; fileEncoding = 4; lastKnownFileType = sourcecode.c.h; name = RCTFBSDKAccessToken.h; path = "../node_modules/react-native-fbsdkcore/iOS/RCTFBSDKAccessToken.h"; sourceTree = "<group>"; };
		011DBE461BE6EA9600B0C3E0 /* RCTFBSDKAccessToken.m */ = {isa = PBXFileReference; fileEncoding = 4; lastKnownFileType = sourcecode.c.objc; name = RCTFBSDKAccessToken.m; path = "../node_modules/react-native-fbsdkcore/iOS/RCTFBSDKAccessToken.m"; sourceTree = "<group>"; };
		011DBE471BE6EA9600B0C3E0 /* RCTFBSDKAppEvents.h */ = {isa = PBXFileReference; fileEncoding = 4; lastKnownFileType = sourcecode.c.h; name = RCTFBSDKAppEvents.h; path = "../node_modules/react-native-fbsdkcore/iOS/RCTFBSDKAppEvents.h"; sourceTree = "<group>"; };
		011DBE481BE6EA9600B0C3E0 /* RCTFBSDKAppEvents.m */ = {isa = PBXFileReference; fileEncoding = 4; lastKnownFileType = sourcecode.c.objc; name = RCTFBSDKAppEvents.m; path = "../node_modules/react-native-fbsdkcore/iOS/RCTFBSDKAppEvents.m"; sourceTree = "<group>"; };
		011DBE491BE6EA9600B0C3E0 /* RCTFBSDKCoreInitializer.m */ = {isa = PBXFileReference; fileEncoding = 4; lastKnownFileType = sourcecode.c.objc; name = RCTFBSDKCoreInitializer.m; path = "../node_modules/react-native-fbsdkcore/iOS/RCTFBSDKCoreInitializer.m"; sourceTree = "<group>"; };
		011DBE4A1BE6EA9600B0C3E0 /* RCTFBSDKGraphRequestConnectionContainer.h */ = {isa = PBXFileReference; fileEncoding = 4; lastKnownFileType = sourcecode.c.h; name = RCTFBSDKGraphRequestConnectionContainer.h; path = "../node_modules/react-native-fbsdkcore/iOS/RCTFBSDKGraphRequestConnectionContainer.h"; sourceTree = "<group>"; };
		011DBE4B1BE6EA9600B0C3E0 /* RCTFBSDKGraphRequestConnectionContainer.m */ = {isa = PBXFileReference; fileEncoding = 4; lastKnownFileType = sourcecode.c.objc; name = RCTFBSDKGraphRequestConnectionContainer.m; path = "../node_modules/react-native-fbsdkcore/iOS/RCTFBSDKGraphRequestConnectionContainer.m"; sourceTree = "<group>"; };
		011DBE4C1BE6EA9600B0C3E0 /* RCTFBSDKGraphRequestManager.h */ = {isa = PBXFileReference; fileEncoding = 4; lastKnownFileType = sourcecode.c.h; name = RCTFBSDKGraphRequestManager.h; path = "../node_modules/react-native-fbsdkcore/iOS/RCTFBSDKGraphRequestManager.h"; sourceTree = "<group>"; };
		011DBE4D1BE6EA9600B0C3E0 /* RCTFBSDKGraphRequestManager.m */ = {isa = PBXFileReference; fileEncoding = 4; lastKnownFileType = sourcecode.c.objc; name = RCTFBSDKGraphRequestManager.m; path = "../node_modules/react-native-fbsdkcore/iOS/RCTFBSDKGraphRequestManager.m"; sourceTree = "<group>"; };
		01D145061BFD6AE200BBA2B6 /* Bolts.framework */ = {isa = PBXFileReference; lastKnownFileType = wrapper.framework; name = Bolts.framework; path = "../../FacebookSDKs-iOS/Bolts.framework"; sourceTree = "<group>"; };
		01D145071BFD6AE200BBA2B6 /* FBSDKCoreKit.framework */ = {isa = PBXFileReference; lastKnownFileType = wrapper.framework; name = FBSDKCoreKit.framework; path = "../../FacebookSDKs-iOS/FBSDKCoreKit.framework"; sourceTree = "<group>"; };
		01D145081BFD6AE200BBA2B6 /* FBSDKLoginKit.framework */ = {isa = PBXFileReference; lastKnownFileType = wrapper.framework; name = FBSDKLoginKit.framework; path = "../../FacebookSDKs-iOS/FBSDKLoginKit.framework"; sourceTree = "<group>"; };
		01D145091BFD6AE200BBA2B6 /* FBSDKShareKit.framework */ = {isa = PBXFileReference; lastKnownFileType = wrapper.framework; name = FBSDKShareKit.framework; path = "../../FacebookSDKs-iOS/FBSDKShareKit.framework"; sourceTree = "<group>"; };
		139105B61AF99BAD00B5F7CC /* RCTSettings.xcodeproj */ = {isa = PBXFileReference; lastKnownFileType = "wrapper.pb-project"; name = RCTSettings.xcodeproj; path = "../node_modules/react-native/Libraries/Settings/RCTSettings.xcodeproj"; sourceTree = "<group>"; };
		139FDEE61B06529A00C62182 /* RCTWebSocket.xcodeproj */ = {isa = PBXFileReference; lastKnownFileType = "wrapper.pb-project"; name = RCTWebSocket.xcodeproj; path = "../node_modules/react-native/Libraries/WebSocket/RCTWebSocket.xcodeproj"; sourceTree = "<group>"; };
		13B07F961A680F5B00A75B9A /* Locl.app */ = {isa = PBXFileReference; explicitFileType = wrapper.application; includeInIndex = 0; path = Locl.app; sourceTree = BUILT_PRODUCTS_DIR; };
		13B07FAF1A68108700A75B9A /* AppDelegate.h */ = {isa = PBXFileReference; fileEncoding = 4; lastKnownFileType = sourcecode.c.h; name = AppDelegate.h; path = Locl/AppDelegate.h; sourceTree = "<group>"; };
		13B07FB01A68108700A75B9A /* AppDelegate.m */ = {isa = PBXFileReference; fileEncoding = 4; lastKnownFileType = sourcecode.c.objc; name = AppDelegate.m; path = Locl/AppDelegate.m; sourceTree = "<group>"; };
		13B07FB51A68108700A75B9A /* Images.xcassets */ = {isa = PBXFileReference; lastKnownFileType = folder.assetcatalog; name = Images.xcassets; path = Locl/Images.xcassets; sourceTree = "<group>"; };
		13B07FB61A68108700A75B9A /* Info.plist */ = {isa = PBXFileReference; fileEncoding = 4; lastKnownFileType = text.plist.xml; name = Info.plist; path = Locl/Info.plist; sourceTree = "<group>"; };
		13B07FB71A68108700A75B9A /* main.m */ = {isa = PBXFileReference; fileEncoding = 4; lastKnownFileType = sourcecode.c.objc; name = main.m; path = Locl/main.m; sourceTree = "<group>"; };
		146833FF1AC3E56700842450 /* React.xcodeproj */ = {isa = PBXFileReference; lastKnownFileType = "wrapper.pb-project"; name = React.xcodeproj; path = "../node_modules/react-native/React/React.xcodeproj"; sourceTree = "<group>"; };
		78C398B01ACF4ADC00677621 /* RCTLinking.xcodeproj */ = {isa = PBXFileReference; lastKnownFileType = "wrapper.pb-project"; name = RCTLinking.xcodeproj; path = "../node_modules/react-native/Libraries/LinkingIOS/RCTLinking.xcodeproj"; sourceTree = "<group>"; };
		832341B01AAA6A8300B99B32 /* RCTText.xcodeproj */ = {isa = PBXFileReference; lastKnownFileType = "wrapper.pb-project"; name = RCTText.xcodeproj; path = "../node_modules/react-native/Libraries/Text/RCTText.xcodeproj"; sourceTree = "<group>"; };
		950F47E71BD44123005A262F /* RNBeacon.xcodeproj */ = {isa = PBXFileReference; lastKnownFileType = "wrapper.pb-project"; name = RNBeacon.xcodeproj; path = "../node_modules/react-native-ibeacon/RNBeacon.xcodeproj"; sourceTree = "<group>"; };
		950F480E1BD4416C005A262F /* CoreLocation.framework */ = {isa = PBXFileReference; lastKnownFileType = wrapper.framework; name = CoreLocation.framework; path = System/Library/Frameworks/CoreLocation.framework; sourceTree = SDKROOT; };
		951DE5AE1C0CF4E3005DEE91 /* RCTCamera.xcodeproj */ = {isa = PBXFileReference; lastKnownFileType = "wrapper.pb-project"; name = RCTCamera.xcodeproj; path = "../node_modules/react-native-camera/ios/RCTCamera.xcodeproj"; sourceTree = "<group>"; };
		952B7D5A1BCEF2C300AB55A4 /* Locl-Bridging-Header.h */ = {isa = PBXFileReference; lastKnownFileType = sourcecode.c.h; path = "Locl-Bridging-Header.h"; sourceTree = "<group>"; };
		952B7D651BCEF32900AB55A4 /* BluetoothBeacon.m */ = {isa = PBXFileReference; fileEncoding = 4; lastKnownFileType = sourcecode.c.objc; path = BluetoothBeacon.m; sourceTree = "<group>"; };
		952B7D661BCEF32900AB55A4 /* BluetoothBeacon.swift */ = {isa = PBXFileReference; fileEncoding = 4; lastKnownFileType = sourcecode.swift; path = BluetoothBeacon.swift; sourceTree = "<group>"; };
		954D309F1C053E44000A8A8D /* RCTCamera.xcodeproj */ = {isa = PBXFileReference; lastKnownFileType = "wrapper.pb-project"; name = RCTCamera.xcodeproj; path = "../node_modules/react-native-camera/ios/RCTCamera.xcodeproj"; sourceTree = "<group>"; };
		954D30B31C05412F000A8A8D /* UIImagePickerManager */ = {isa = PBXFileReference; lastKnownFileType = folder; name = UIImagePickerManager; path = "../node_modules/react-native-image-picker/UIImagePickerManager"; sourceTree = "<group>"; };
		954D30B61C05417D000A8A8D /* UIImagePickerManager.m */ = {isa = PBXFileReference; lastKnownFileType = sourcecode.c.objc; name = UIImagePickerManager.m; path = "../node_modules/react-native-image-picker/UIImagePickerManager/UIImagePickerManager.m"; sourceTree = "<group>"; };
		9550C5F41BE7E86D00C65659 /* RNBluetoothState.xcodeproj */ = {isa = PBXFileReference; lastKnownFileType = "wrapper.pb-project"; name = RNBluetoothState.xcodeproj; path = "../node_modules/react-native-bluetooth-state/RNBluetoothState.xcodeproj"; sourceTree = "<group>"; };
		9550C6061BE7E89100C65659 /* CoreBluetooth.framework */ = {isa = PBXFileReference; lastKnownFileType = wrapper.framework; name = CoreBluetooth.framework; path = System/Library/Frameworks/CoreBluetooth.framework; sourceTree = SDKROOT; };
		95DA553A1BF70A0E005CCC6B /* RNBeacon.xcodeproj */ = {isa = PBXFileReference; lastKnownFileType = "wrapper.pb-project"; name = RNBeacon.xcodeproj; path = "/Users/coreywilson/Desktop/CPSC 410/Final Project/Locl/Locl/node_modules/react-native-bluetooth-state/../react-native-ibeacon/RNBeacon.xcodeproj"; sourceTree = "<absolute>"; };
/* End PBXFileReference section */

/* Begin PBXFrameworksBuildPhase section */
		00E356EB1AD99517003FC87E /* Frameworks */ = {
			isa = PBXFrameworksBuildPhase;
			buildActionMask = 2147483647;
			files = (
			);
			runOnlyForDeploymentPostprocessing = 0;
		};
		13B07F8C1A680F5B00A75B9A /* Frameworks */ = {
			isa = PBXFrameworksBuildPhase;
			buildActionMask = 2147483647;
			files = (
				954D30B21C053E5E000A8A8D /* libRCTCamera.a in Frameworks */,
				01D1450C1BFD6AE200BBA2B6 /* FBSDKLoginKit.framework in Frameworks */,
				01D1450A1BFD6AE200BBA2B6 /* Bolts.framework in Frameworks */,
				9550C6071BE7E89100C65659 /* CoreBluetooth.framework in Frameworks */,
				9550C6051BE7E88B00C65659 /* libRNBluetoothState.a in Frameworks */,
				950F480F1BD4416C005A262F /* CoreLocation.framework in Frameworks */,
				950F48031BD44165005A262F /* libRNBeacon.a in Frameworks */,
				146834051AC3E58100842450 /* libReact.a in Frameworks */,
				00C302E51ABCBA2D00DB3ED1 /* libRCTActionSheet.a in Frameworks */,
				00C302E71ABCBA2D00DB3ED1 /* libRCTGeolocation.a in Frameworks */,
				00C302E81ABCBA2D00DB3ED1 /* libRCTImage.a in Frameworks */,
				133E29F31AD74F7200F7D852 /* libRCTLinking.a in Frameworks */,
				00C302E91ABCBA2D00DB3ED1 /* libRCTNetwork.a in Frameworks */,
				139105C61AF99C1200B5F7CC /* libRCTSettings.a in Frameworks */,
				832341BD1AAA6AB300B99B32 /* libRCTText.a in Frameworks */,
				01D1450D1BFD6AE200BBA2B6 /* FBSDKShareKit.framework in Frameworks */,
				01D1450B1BFD6AE200BBA2B6 /* FBSDKCoreKit.framework in Frameworks */,
				00C302EA1ABCBA2D00DB3ED1 /* libRCTVibration.a in Frameworks */,
				139FDEF61B0652A700C62182 /* libRCTWebSocket.a in Frameworks */,
			);
			runOnlyForDeploymentPostprocessing = 0;
		};
/* End PBXFrameworksBuildPhase section */

/* Begin PBXGroup section */
		00C302A81ABCB8CE00DB3ED1 /* Products */ = {
			isa = PBXGroup;
			children = (
				00C302AC1ABCB8CE00DB3ED1 /* libRCTActionSheet.a */,
			);
			name = Products;
			sourceTree = "<group>";
		};
		00C302B61ABCB90400DB3ED1 /* Products */ = {
			isa = PBXGroup;
			children = (
				00C302BA1ABCB90400DB3ED1 /* libRCTGeolocation.a */,
			);
			name = Products;
			sourceTree = "<group>";
		};
		00C302BC1ABCB91800DB3ED1 /* Products */ = {
			isa = PBXGroup;
			children = (
				00C302C01ABCB91800DB3ED1 /* libRCTImage.a */,
			);
			name = Products;
			sourceTree = "<group>";
		};
		00C302D41ABCB9D200DB3ED1 /* Products */ = {
			isa = PBXGroup;
			children = (
				00C302DC1ABCB9D200DB3ED1 /* libRCTNetwork.a */,
			);
			name = Products;
			sourceTree = "<group>";
		};
		00C302E01ABCB9EE00DB3ED1 /* Products */ = {
			isa = PBXGroup;
			children = (
				00C302E41ABCB9EE00DB3ED1 /* libRCTVibration.a */,
			);
			name = Products;
			sourceTree = "<group>";
		};
		00E356EF1AD99517003FC87E /* LoclTests */ = {
			isa = PBXGroup;
			children = (
				00E356F21AD99517003FC87E /* LoclTests.m */,
				00E356F01AD99517003FC87E /* Supporting Files */,
			);
			path = LoclTests;
			sourceTree = "<group>";
		};
		00E356F01AD99517003FC87E /* Supporting Files */ = {
			isa = PBXGroup;
			children = (
				00E356F11AD99517003FC87E /* Info.plist */,
			);
			name = "Supporting Files";
			sourceTree = "<group>";
		};
		018B02451BE05CB100D0EABC /* react-native-fbsdkcore */ = {
			isa = PBXGroup;
			children = (
				011DBE431BE6EA9600B0C3E0 /* RCTConvert+FBSDKAccessToken.h */,
				011DBE441BE6EA9600B0C3E0 /* RCTConvert+FBSDKAccessToken.m */,
				011DBE451BE6EA9600B0C3E0 /* RCTFBSDKAccessToken.h */,
				011DBE461BE6EA9600B0C3E0 /* RCTFBSDKAccessToken.m */,
				011DBE471BE6EA9600B0C3E0 /* RCTFBSDKAppEvents.h */,
				011DBE481BE6EA9600B0C3E0 /* RCTFBSDKAppEvents.m */,
				011DBE491BE6EA9600B0C3E0 /* RCTFBSDKCoreInitializer.m */,
				011DBE4A1BE6EA9600B0C3E0 /* RCTFBSDKGraphRequestConnectionContainer.h */,
				011DBE4B1BE6EA9600B0C3E0 /* RCTFBSDKGraphRequestConnectionContainer.m */,
				011DBE4C1BE6EA9600B0C3E0 /* RCTFBSDKGraphRequestManager.h */,
				011DBE4D1BE6EA9600B0C3E0 /* RCTFBSDKGraphRequestManager.m */,
			);
			name = "react-native-fbsdkcore";
			sourceTree = "<group>";
		};
		018B02571BE05E1C00D0EABC /* react-native-fbsdklogin */ = {
			isa = PBXGroup;
			children = (
				011DBE381BE6EA8000B0C3E0 /* RCTConvert+FBSDKLogin.h */,
				011DBE391BE6EA8000B0C3E0 /* RCTConvert+FBSDKLogin.m */,
				011DBE3A1BE6EA8000B0C3E0 /* RCTFBSDKLoginButtonManager.h */,
				011DBE3B1BE6EA8000B0C3E0 /* RCTFBSDKLoginButtonManager.m */,
				011DBE3C1BE6EA8000B0C3E0 /* RCTFBSDKLoginInitializer.m */,
				011DBE3D1BE6EA8000B0C3E0 /* RCTFBSDKLoginManager.h */,
				011DBE3E1BE6EA8000B0C3E0 /* RCTFBSDKLoginManager.m */,
			);
			name = "react-native-fbsdklogin";
			sourceTree = "<group>";
		};
		018B02631BE05E3D00D0EABC /* react-native-fbsdkshare */ = {
			isa = PBXGroup;
			children = (
				011DBE121BE6EA6B00B0C3E0 /* RCTConvert+FBSDKSharingContent.h */,
				011DBE131BE6EA6B00B0C3E0 /* RCTConvert+FBSDKSharingContent.m */,
				011DBE141BE6EA6B00B0C3E0 /* RCTFBSDKAppGroupAddDialog.h */,
				011DBE151BE6EA6B00B0C3E0 /* RCTFBSDKAppGroupAddDialog.m */,
				011DBE161BE6EA6B00B0C3E0 /* RCTFBSDKAppGroupJoinDialog.h */,
				011DBE171BE6EA6B00B0C3E0 /* RCTFBSDKAppGroupJoinDialog.m */,
				011DBE181BE6EA6B00B0C3E0 /* RCTFBSDKAppInviteDialog.h */,
				011DBE191BE6EA6B00B0C3E0 /* RCTFBSDKAppInviteDialog.m */,
				011DBE1A1BE6EA6B00B0C3E0 /* RCTFBSDKGameRequestDialog.h */,
				011DBE1B1BE6EA6B00B0C3E0 /* RCTFBSDKGameRequestDialog.m */,
				011DBE1C1BE6EA6B00B0C3E0 /* RCTFBSDKLikeControlManager.h */,
				011DBE1D1BE6EA6B00B0C3E0 /* RCTFBSDKLikeControlManager.m */,
				011DBE1E1BE6EA6B00B0C3E0 /* RCTFBSDKMessageDialog.h */,
				011DBE1F1BE6EA6B00B0C3E0 /* RCTFBSDKMessageDialog.m */,
				011DBE201BE6EA6B00B0C3E0 /* RCTFBSDKSendButtonManager.h */,
				011DBE211BE6EA6B00B0C3E0 /* RCTFBSDKSendButtonManager.m */,
				011DBE221BE6EA6B00B0C3E0 /* RCTFBSDKShareAPI.h */,
				011DBE231BE6EA6B00B0C3E0 /* RCTFBSDKShareAPI.m */,
				011DBE241BE6EA6B00B0C3E0 /* RCTFBSDKShareButtonManager.h */,
				011DBE251BE6EA6B00B0C3E0 /* RCTFBSDKShareButtonManager.m */,
				011DBE261BE6EA6B00B0C3E0 /* RCTFBSDKShareDialog.h */,
				011DBE271BE6EA6B00B0C3E0 /* RCTFBSDKShareDialog.m */,
				011DBE281BE6EA6B00B0C3E0 /* RCTFBSDKShareHelper.h */,
				011DBE291BE6EA6B00B0C3E0 /* RCTFBSDKShareHelper.m */,
				011DBE2A1BE6EA6B00B0C3E0 /* RCTFBSDKShareInitializer.m */,
			);
			name = "react-native-fbsdkshare";
			sourceTree = "<group>";
		};
		139105B71AF99BAD00B5F7CC /* Products */ = {
			isa = PBXGroup;
			children = (
				139105C11AF99BAD00B5F7CC /* libRCTSettings.a */,
			);
			name = Products;
			sourceTree = "<group>";
		};
		139FDEE71B06529A00C62182 /* Products */ = {
			isa = PBXGroup;
			children = (
				139FDEF41B06529B00C62182 /* libRCTWebSocket.a */,
			);
			name = Products;
			sourceTree = "<group>";
		};
		13B07FAE1A68108700A75B9A /* Locl */ = {
			isa = PBXGroup;
			children = (
				952B7D651BCEF32900AB55A4 /* BluetoothBeacon.m */,
				952B7D661BCEF32900AB55A4 /* BluetoothBeacon.swift */,
				008F07F21AC5B25A0029DE68 /* main.jsbundle */,
				13B07FAF1A68108700A75B9A /* AppDelegate.h */,
				13B07FB01A68108700A75B9A /* AppDelegate.m */,
				13B07FB51A68108700A75B9A /* Images.xcassets */,
				13B07FB61A68108700A75B9A /* Info.plist */,
				13B07FB71A68108700A75B9A /* main.m */,
				952B7D5A1BCEF2C300AB55A4 /* Locl-Bridging-Header.h */,
			);
			name = Locl;
			sourceTree = "<group>";
		};
		146834001AC3E56700842450 /* Products */ = {
			isa = PBXGroup;
			children = (
				146834041AC3E56700842450 /* libReact.a */,
			);
			name = Products;
			sourceTree = "<group>";
		};
		78C398B11ACF4ADC00677621 /* Products */ = {
			isa = PBXGroup;
			children = (
				78C398B91ACF4ADC00677621 /* libRCTLinking.a */,
			);
			name = Products;
			sourceTree = "<group>";
		};
		832341AE1AAA6A7D00B99B32 /* Libraries */ = {
			isa = PBXGroup;
			children = (
				018B02631BE05E3D00D0EABC /* react-native-fbsdkshare */,
				018B02571BE05E1C00D0EABC /* react-native-fbsdklogin */,
				018B02451BE05CB100D0EABC /* react-native-fbsdkcore */,
				951DE5AE1C0CF4E3005DEE91 /* RCTCamera.xcodeproj */,
				954D30B31C05412F000A8A8D /* UIImagePickerManager */,
				954D309F1C053E44000A8A8D /* RCTCamera.xcodeproj */,
				01D145061BFD6AE200BBA2B6 /* Bolts.framework */,
				01D145071BFD6AE200BBA2B6 /* FBSDKCoreKit.framework */,
				01D145081BFD6AE200BBA2B6 /* FBSDKLoginKit.framework */,
				01D145091BFD6AE200BBA2B6 /* FBSDKShareKit.framework */,
				95DA553A1BF70A0E005CCC6B /* RNBeacon.xcodeproj */,
				9550C5F41BE7E86D00C65659 /* RNBluetoothState.xcodeproj */,
				950F47E71BD44123005A262F /* RNBeacon.xcodeproj */,
				146833FF1AC3E56700842450 /* React.xcodeproj */,
				00C302A71ABCB8CE00DB3ED1 /* RCTActionSheet.xcodeproj */,
				00C302B51ABCB90400DB3ED1 /* RCTGeolocation.xcodeproj */,
				00C302BB1ABCB91800DB3ED1 /* RCTImage.xcodeproj */,
				78C398B01ACF4ADC00677621 /* RCTLinking.xcodeproj */,
				00C302D31ABCB9D200DB3ED1 /* RCTNetwork.xcodeproj */,
				139105B61AF99BAD00B5F7CC /* RCTSettings.xcodeproj */,
				832341B01AAA6A8300B99B32 /* RCTText.xcodeproj */,
				00C302DF1ABCB9EE00DB3ED1 /* RCTVibration.xcodeproj */,
				139FDEE61B06529A00C62182 /* RCTWebSocket.xcodeproj */,
			);
			name = Libraries;
			sourceTree = "<group>";
		};
		832341B11AAA6A8300B99B32 /* Products */ = {
			isa = PBXGroup;
			children = (
				832341B51AAA6A8300B99B32 /* libRCTText.a */,
			);
			name = Products;
			sourceTree = "<group>";
		};
		83CBB9F61A601CBA00E9B192 = {
			isa = PBXGroup;
			children = (
				954D30B61C05417D000A8A8D /* UIImagePickerManager.m */,
				9550C6061BE7E89100C65659 /* CoreBluetooth.framework */,
				950F480E1BD4416C005A262F /* CoreLocation.framework */,
				13B07FAE1A68108700A75B9A /* Locl */,
				832341AE1AAA6A7D00B99B32 /* Libraries */,
				00E356EF1AD99517003FC87E /* LoclTests */,
				83CBBA001A601CBA00E9B192 /* Products */,
			);
			indentWidth = 2;
			sourceTree = "<group>";
			tabWidth = 2;
		};
		83CBBA001A601CBA00E9B192 /* Products */ = {
			isa = PBXGroup;
			children = (
				13B07F961A680F5B00A75B9A /* Locl.app */,
				00E356EE1AD99517003FC87E /* LoclTests.xctest */,
			);
			name = Products;
			sourceTree = "<group>";
		};
		950F47E81BD44123005A262F /* Products */ = {
			isa = PBXGroup;
			children = (
				950F47F61BD44123005A262F /* libRNBeacon.a */,
			);
			name = Products;
			sourceTree = "<group>";
		};
		951DE5AF1C0CF4E3005DEE91 /* Products */ = {
			isa = PBXGroup;
			children = (
				951DE5B31C0CF4E4005DEE91 /* libRCTCamera.a */,
			);
			name = Products;
			sourceTree = "<group>";
		};
		954D30A01C053E44000A8A8D /* Products */ = {
			isa = PBXGroup;
			children = (
				954D30A51C053E44000A8A8D /* libRCTCamera.a */,
			);
			name = Products;
			sourceTree = "<group>";
		};
		9550C5F51BE7E86D00C65659 /* Products */ = {
			isa = PBXGroup;
			children = (
				9550C6041BE7E86D00C65659 /* libRNBluetoothState.a */,
			);
			name = Products;
			sourceTree = "<group>";
		};
		95DA553B1BF70A0E005CCC6B /* Products */ = {
			isa = PBXGroup;
			children = (
				95DA554A1BF70A0F005CCC6B /* libRNBeacon.a */,
			);
			name = Products;
			sourceTree = "<group>";
		};
/* End PBXGroup section */

/* Begin PBXNativeTarget section */
		00E356ED1AD99517003FC87E /* LoclTests */ = {
			isa = PBXNativeTarget;
			buildConfigurationList = 00E357021AD99517003FC87E /* Build configuration list for PBXNativeTarget "LoclTests" */;
			buildPhases = (
				00E356EA1AD99517003FC87E /* Sources */,
				00E356EB1AD99517003FC87E /* Frameworks */,
				00E356EC1AD99517003FC87E /* Resources */,
			);
			buildRules = (
			);
			dependencies = (
				00E356F51AD99517003FC87E /* PBXTargetDependency */,
			);
			name = LoclTests;
			productName = LoclTests;
			productReference = 00E356EE1AD99517003FC87E /* LoclTests.xctest */;
			productType = "com.apple.product-type.bundle.unit-test";
		};
		13B07F861A680F5B00A75B9A /* Locl */ = {
			isa = PBXNativeTarget;
			buildConfigurationList = 13B07F931A680F5B00A75B9A /* Build configuration list for PBXNativeTarget "Locl" */;
			buildPhases = (
				13B07F871A680F5B00A75B9A /* Sources */,
				13B07F8C1A680F5B00A75B9A /* Frameworks */,
				13B07F8E1A680F5B00A75B9A /* Resources */,
			);
			buildRules = (
			);
			dependencies = (
			);
			name = Locl;
			productName = "Hello World";
			productReference = 13B07F961A680F5B00A75B9A /* Locl.app */;
			productType = "com.apple.product-type.application";
		};
/* End PBXNativeTarget section */

/* Begin PBXProject section */
		83CBB9F71A601CBA00E9B192 /* Project object */ = {
			isa = PBXProject;
			attributes = {
				LastSwiftUpdateCheck = 0710;
				LastUpgradeCheck = 0710;
				ORGANIZATIONNAME = Facebook;
				TargetAttributes = {
					00E356ED1AD99517003FC87E = {
						CreatedOnToolsVersion = 6.2;
						TestTargetID = 13B07F861A680F5B00A75B9A;
					};
					13B07F861A680F5B00A75B9A = {
						DevelopmentTeam = KEBWB5LH25;
					};
				};
			};
			buildConfigurationList = 83CBB9FA1A601CBA00E9B192 /* Build configuration list for PBXProject "Locl" */;
			compatibilityVersion = "Xcode 3.2";
			developmentRegion = English;
			hasScannedForEncodings = 0;
			knownRegions = (
				en,
				Base,
			);
			mainGroup = 83CBB9F61A601CBA00E9B192;
			productRefGroup = 83CBBA001A601CBA00E9B192 /* Products */;
			projectDirPath = "";
			projectReferences = (
				{
					ProductGroup = 00C302A81ABCB8CE00DB3ED1 /* Products */;
					ProjectRef = 00C302A71ABCB8CE00DB3ED1 /* RCTActionSheet.xcodeproj */;
				},
				{
					ProductGroup = 954D30A01C053E44000A8A8D /* Products */;
					ProjectRef = 954D309F1C053E44000A8A8D /* RCTCamera.xcodeproj */;
				},
				{
					ProductGroup = 951DE5AF1C0CF4E3005DEE91 /* Products */;
					ProjectRef = 951DE5AE1C0CF4E3005DEE91 /* RCTCamera.xcodeproj */;
				},
				{
					ProductGroup = 00C302B61ABCB90400DB3ED1 /* Products */;
					ProjectRef = 00C302B51ABCB90400DB3ED1 /* RCTGeolocation.xcodeproj */;
				},
				{
					ProductGroup = 00C302BC1ABCB91800DB3ED1 /* Products */;
					ProjectRef = 00C302BB1ABCB91800DB3ED1 /* RCTImage.xcodeproj */;
				},
				{
					ProductGroup = 78C398B11ACF4ADC00677621 /* Products */;
					ProjectRef = 78C398B01ACF4ADC00677621 /* RCTLinking.xcodeproj */;
				},
				{
					ProductGroup = 00C302D41ABCB9D200DB3ED1 /* Products */;
					ProjectRef = 00C302D31ABCB9D200DB3ED1 /* RCTNetwork.xcodeproj */;
				},
				{
					ProductGroup = 139105B71AF99BAD00B5F7CC /* Products */;
					ProjectRef = 139105B61AF99BAD00B5F7CC /* RCTSettings.xcodeproj */;
				},
				{
					ProductGroup = 832341B11AAA6A8300B99B32 /* Products */;
					ProjectRef = 832341B01AAA6A8300B99B32 /* RCTText.xcodeproj */;
				},
				{
					ProductGroup = 00C302E01ABCB9EE00DB3ED1 /* Products */;
					ProjectRef = 00C302DF1ABCB9EE00DB3ED1 /* RCTVibration.xcodeproj */;
				},
				{
					ProductGroup = 139FDEE71B06529A00C62182 /* Products */;
					ProjectRef = 139FDEE61B06529A00C62182 /* RCTWebSocket.xcodeproj */;
				},
				{
					ProductGroup = 146834001AC3E56700842450 /* Products */;
					ProjectRef = 146833FF1AC3E56700842450 /* React.xcodeproj */;
				},
				{
					ProductGroup = 950F47E81BD44123005A262F /* Products */;
					ProjectRef = 950F47E71BD44123005A262F /* RNBeacon.xcodeproj */;
				},
				{
					ProductGroup = 95DA553B1BF70A0E005CCC6B /* Products */;
					ProjectRef = 95DA553A1BF70A0E005CCC6B /* RNBeacon.xcodeproj */;
				},
				{
					ProductGroup = 9550C5F51BE7E86D00C65659 /* Products */;
					ProjectRef = 9550C5F41BE7E86D00C65659 /* RNBluetoothState.xcodeproj */;
				},
			);
			projectRoot = "";
			targets = (
				13B07F861A680F5B00A75B9A /* Locl */,
				00E356ED1AD99517003FC87E /* LoclTests */,
			);
		};
/* End PBXProject section */

/* Begin PBXReferenceProxy section */
		00C302AC1ABCB8CE00DB3ED1 /* libRCTActionSheet.a */ = {
			isa = PBXReferenceProxy;
			fileType = archive.ar;
			path = libRCTActionSheet.a;
			remoteRef = 00C302AB1ABCB8CE00DB3ED1 /* PBXContainerItemProxy */;
			sourceTree = BUILT_PRODUCTS_DIR;
		};
		00C302BA1ABCB90400DB3ED1 /* libRCTGeolocation.a */ = {
			isa = PBXReferenceProxy;
			fileType = archive.ar;
			path = libRCTGeolocation.a;
			remoteRef = 00C302B91ABCB90400DB3ED1 /* PBXContainerItemProxy */;
			sourceTree = BUILT_PRODUCTS_DIR;
		};
		00C302C01ABCB91800DB3ED1 /* libRCTImage.a */ = {
			isa = PBXReferenceProxy;
			fileType = archive.ar;
			path = libRCTImage.a;
			remoteRef = 00C302BF1ABCB91800DB3ED1 /* PBXContainerItemProxy */;
			sourceTree = BUILT_PRODUCTS_DIR;
		};
		00C302DC1ABCB9D200DB3ED1 /* libRCTNetwork.a */ = {
			isa = PBXReferenceProxy;
			fileType = archive.ar;
			path = libRCTNetwork.a;
			remoteRef = 00C302DB1ABCB9D200DB3ED1 /* PBXContainerItemProxy */;
			sourceTree = BUILT_PRODUCTS_DIR;
		};
		00C302E41ABCB9EE00DB3ED1 /* libRCTVibration.a */ = {
			isa = PBXReferenceProxy;
			fileType = archive.ar;
			path = libRCTVibration.a;
			remoteRef = 00C302E31ABCB9EE00DB3ED1 /* PBXContainerItemProxy */;
			sourceTree = BUILT_PRODUCTS_DIR;
		};
		139105C11AF99BAD00B5F7CC /* libRCTSettings.a */ = {
			isa = PBXReferenceProxy;
			fileType = archive.ar;
			path = libRCTSettings.a;
			remoteRef = 139105C01AF99BAD00B5F7CC /* PBXContainerItemProxy */;
			sourceTree = BUILT_PRODUCTS_DIR;
		};
		139FDEF41B06529B00C62182 /* libRCTWebSocket.a */ = {
			isa = PBXReferenceProxy;
			fileType = archive.ar;
			path = libRCTWebSocket.a;
			remoteRef = 139FDEF31B06529B00C62182 /* PBXContainerItemProxy */;
			sourceTree = BUILT_PRODUCTS_DIR;
		};
		146834041AC3E56700842450 /* libReact.a */ = {
			isa = PBXReferenceProxy;
			fileType = archive.ar;
			path = libReact.a;
			remoteRef = 146834031AC3E56700842450 /* PBXContainerItemProxy */;
			sourceTree = BUILT_PRODUCTS_DIR;
		};
		78C398B91ACF4ADC00677621 /* libRCTLinking.a */ = {
			isa = PBXReferenceProxy;
			fileType = archive.ar;
			path = libRCTLinking.a;
			remoteRef = 78C398B81ACF4ADC00677621 /* PBXContainerItemProxy */;
			sourceTree = BUILT_PRODUCTS_DIR;
		};
		832341B51AAA6A8300B99B32 /* libRCTText.a */ = {
			isa = PBXReferenceProxy;
			fileType = archive.ar;
			path = libRCTText.a;
			remoteRef = 832341B41AAA6A8300B99B32 /* PBXContainerItemProxy */;
			sourceTree = BUILT_PRODUCTS_DIR;
		};
		950F47F61BD44123005A262F /* libRNBeacon.a */ = {
			isa = PBXReferenceProxy;
			fileType = archive.ar;
			path = libRNBeacon.a;
			remoteRef = 950F47F51BD44123005A262F /* PBXContainerItemProxy */;
			sourceTree = BUILT_PRODUCTS_DIR;
		};
		951DE5B31C0CF4E4005DEE91 /* libRCTCamera.a */ = {
			isa = PBXReferenceProxy;
			fileType = archive.ar;
			path = libRCTCamera.a;
			remoteRef = 951DE5B21C0CF4E4005DEE91 /* PBXContainerItemProxy */;
			sourceTree = BUILT_PRODUCTS_DIR;
		};
		954D30A51C053E44000A8A8D /* libRCTCamera.a */ = {
			isa = PBXReferenceProxy;
			fileType = archive.ar;
			path = libRCTCamera.a;
			remoteRef = 954D30A41C053E44000A8A8D /* PBXContainerItemProxy */;
			sourceTree = BUILT_PRODUCTS_DIR;
		};
		9550C6041BE7E86D00C65659 /* libRNBluetoothState.a */ = {
			isa = PBXReferenceProxy;
			fileType = archive.ar;
			path = libRNBluetoothState.a;
			remoteRef = 9550C6031BE7E86D00C65659 /* PBXContainerItemProxy */;
			sourceTree = BUILT_PRODUCTS_DIR;
		};
		95DA554A1BF70A0F005CCC6B /* libRNBeacon.a */ = {
			isa = PBXReferenceProxy;
			fileType = archive.ar;
			path = libRNBeacon.a;
			remoteRef = 95DA55491BF70A0F005CCC6B /* PBXContainerItemProxy */;
			sourceTree = BUILT_PRODUCTS_DIR;
		};
/* End PBXReferenceProxy section */

/* Begin PBXResourcesBuildPhase section */
		00E356EC1AD99517003FC87E /* Resources */ = {
			isa = PBXResourcesBuildPhase;
			buildActionMask = 2147483647;
			files = (
			);
			runOnlyForDeploymentPostprocessing = 0;
		};
		13B07F8E1A680F5B00A75B9A /* Resources */ = {
			isa = PBXResourcesBuildPhase;
			buildActionMask = 2147483647;
			files = (
				954D30B41C05412F000A8A8D /* UIImagePickerManager in Resources */,
				008F07F31AC5B25A0029DE68 /* main.jsbundle in Resources */,
				13B07FBF1A68108700A75B9A /* Images.xcassets in Resources */,
			);
			runOnlyForDeploymentPostprocessing = 0;
		};
/* End PBXResourcesBuildPhase section */

/* Begin PBXSourcesBuildPhase section */
		00E356EA1AD99517003FC87E /* Sources */ = {
			isa = PBXSourcesBuildPhase;
			buildActionMask = 2147483647;
			files = (
				00E356F31AD99517003FC87E /* LoclTests.m in Sources */,
			);
			runOnlyForDeploymentPostprocessing = 0;
		};
		13B07F871A680F5B00A75B9A /* Sources */ = {
			isa = PBXSourcesBuildPhase;
			buildActionMask = 2147483647;
			files = (
				954D30B71C05417D000A8A8D /* UIImagePickerManager.m in Sources */,
				011DBE361BE6EA6B00B0C3E0 /* RCTFBSDKShareHelper.m in Sources */,
				011DBE411BE6EA8000B0C3E0 /* RCTFBSDKLoginInitializer.m in Sources */,
				011DBE421BE6EA8000B0C3E0 /* RCTFBSDKLoginManager.m in Sources */,
				011DBE521BE6EA9600B0C3E0 /* RCTFBSDKGraphRequestConnectionContainer.m in Sources */,
				011DBE2C1BE6EA6B00B0C3E0 /* RCTFBSDKAppGroupAddDialog.m in Sources */,
				13B07FBC1A68108700A75B9A /* AppDelegate.m in Sources */,
				011DBE301BE6EA6B00B0C3E0 /* RCTFBSDKLikeControlManager.m in Sources */,
				011DBE371BE6EA6B00B0C3E0 /* RCTFBSDKShareInitializer.m in Sources */,
				011DBE2F1BE6EA6B00B0C3E0 /* RCTFBSDKGameRequestDialog.m in Sources */,
				011DBE351BE6EA6B00B0C3E0 /* RCTFBSDKShareDialog.m in Sources */,
				011DBE3F1BE6EA8000B0C3E0 /* RCTConvert+FBSDKLogin.m in Sources */,
				952B7D671BCEF32900AB55A4 /* BluetoothBeacon.m in Sources */,
				011DBE331BE6EA6B00B0C3E0 /* RCTFBSDKShareAPI.m in Sources */,
				011DBE321BE6EA6B00B0C3E0 /* RCTFBSDKSendButtonManager.m in Sources */,
				011DBE2D1BE6EA6B00B0C3E0 /* RCTFBSDKAppGroupJoinDialog.m in Sources */,
				952B7D681BCEF32900AB55A4 /* BluetoothBeacon.swift in Sources */,
				011DBE531BE6EA9600B0C3E0 /* RCTFBSDKGraphRequestManager.m in Sources */,
				011DBE501BE6EA9600B0C3E0 /* RCTFBSDKAppEvents.m in Sources */,
				011DBE2B1BE6EA6B00B0C3E0 /* RCTConvert+FBSDKSharingContent.m in Sources */,
				011DBE4E1BE6EA9600B0C3E0 /* RCTConvert+FBSDKAccessToken.m in Sources */,
				011DBE2E1BE6EA6B00B0C3E0 /* RCTFBSDKAppInviteDialog.m in Sources */,
				011DBE341BE6EA6B00B0C3E0 /* RCTFBSDKShareButtonManager.m in Sources */,
				011DBE511BE6EA9600B0C3E0 /* RCTFBSDKCoreInitializer.m in Sources */,
				011DBE401BE6EA8000B0C3E0 /* RCTFBSDKLoginButtonManager.m in Sources */,
				011DBE311BE6EA6B00B0C3E0 /* RCTFBSDKMessageDialog.m in Sources */,
				13B07FC11A68108700A75B9A /* main.m in Sources */,
				011DBE4F1BE6EA9600B0C3E0 /* RCTFBSDKAccessToken.m in Sources */,
			);
			runOnlyForDeploymentPostprocessing = 0;
		};
/* End PBXSourcesBuildPhase section */

/* Begin PBXTargetDependency section */
		00E356F51AD99517003FC87E /* PBXTargetDependency */ = {
			isa = PBXTargetDependency;
			target = 13B07F861A680F5B00A75B9A /* Locl */;
			targetProxy = 00E356F41AD99517003FC87E /* PBXContainerItemProxy */;
		};
/* End PBXTargetDependency section */

/* Begin XCBuildConfiguration section */
		00E356F61AD99517003FC87E /* Debug */ = {
			isa = XCBuildConfiguration;
			buildSettings = {
				BUNDLE_LOADER = "$(TEST_HOST)";
				FRAMEWORK_SEARCH_PATHS = "$(inherited)";
				GCC_PREPROCESSOR_DEFINITIONS = (
					"DEBUG=1",
					"$(inherited)",
				);
				INFOPLIST_FILE = LoclTests/Info.plist;
				IPHONEOS_DEPLOYMENT_TARGET = 9.1;
				LD_RUNPATH_SEARCH_PATHS = "$(inherited) @executable_path/Frameworks @loader_path/Frameworks";
				PRODUCT_BUNDLE_IDENTIFIER = "org.reactjs.native.example.$(PRODUCT_NAME:rfc1034identifier)";
				PRODUCT_NAME = "$(TARGET_NAME)";
				TEST_HOST = "$(BUILT_PRODUCTS_DIR)/Locl.app/Locl";
			};
			name = Debug;
		};
		00E356F71AD99517003FC87E /* Release */ = {
			isa = XCBuildConfiguration;
			buildSettings = {
				BUNDLE_LOADER = "$(TEST_HOST)";
				COPY_PHASE_STRIP = NO;
				FRAMEWORK_SEARCH_PATHS = "$(inherited)";
				INFOPLIST_FILE = LoclTests/Info.plist;
				IPHONEOS_DEPLOYMENT_TARGET = 9.1;
				LD_RUNPATH_SEARCH_PATHS = "$(inherited) @executable_path/Frameworks @loader_path/Frameworks";
				PRODUCT_BUNDLE_IDENTIFIER = "org.reactjs.native.example.$(PRODUCT_NAME:rfc1034identifier)";
				PRODUCT_NAME = "$(TARGET_NAME)";
				TEST_HOST = "$(BUILT_PRODUCTS_DIR)/Locl.app/Locl";
			};
			name = Release;
		};
		13B07F941A680F5B00A75B9A /* Debug */ = {
			isa = XCBuildConfiguration;
			buildSettings = {
				ASSETCATALOG_COMPILER_APPICON_NAME = AppIcon;
				ASSETCATALOG_COMPILER_LAUNCHIMAGE_NAME = LaunchImage;
				CLANG_ENABLE_MODULES = YES;
				CODE_SIGN_IDENTITY = "iPhone Developer";
				"CODE_SIGN_IDENTITY[sdk=iphoneos*]" = "iPhone Developer";
				DEAD_CODE_STRIPPING = NO;
				FRAMEWORK_SEARCH_PATHS = "$(SRCROOT)/../../FacebookSDKs-iOS";
				HEADER_SEARCH_PATHS = (
					"$(inherited)",
					/Applications/Xcode.app/Contents/Developer/Toolchains/XcodeDefault.xctoolchain/usr/include,
					"$(SRCROOT)/../node_modules/react-native/React/**",
				);
				INFOPLIST_FILE = Locl/Info.plist;
				LD_RUNPATH_SEARCH_PATHS = "$(inherited) @executable_path/Frameworks";
				LIBRARY_SEARCH_PATHS = (
					"$(inherited)",
					"$(PROJECT_DIR)/**",
				);
				New_Setting = "";
				OTHER_LDFLAGS = "-ObjC";
				PRODUCT_BUNDLE_IDENTIFIER = "org.reactjs.native.example.$(PRODUCT_NAME:rfc1034identifier)";
				PRODUCT_NAME = Locl;
				PROVISIONING_PROFILE = "";
				SWIFT_OBJC_BRIDGING_HEADER = "Locl-Bridging-Header.h";
				SWIFT_OPTIMIZATION_LEVEL = "-Onone";
			};
			name = Debug;
		};
		13B07F951A680F5B00A75B9A /* Release */ = {
			isa = XCBuildConfiguration;
			buildSettings = {
				ASSETCATALOG_COMPILER_APPICON_NAME = AppIcon;
				ASSETCATALOG_COMPILER_LAUNCHIMAGE_NAME = LaunchImage;
				CLANG_ENABLE_MODULES = YES;
				CODE_SIGN_IDENTITY = "iPhone Developer";
				"CODE_SIGN_IDENTITY[sdk=iphoneos*]" = "iPhone Developer";
				FRAMEWORK_SEARCH_PATHS = "$(SRCROOT)/../../FacebookSDKs-iOS";
				HEADER_SEARCH_PATHS = (
					"$(inherited)",
					/Applications/Xcode.app/Contents/Developer/Toolchains/XcodeDefault.xctoolchain/usr/include,
					"$(SRCROOT)/../node_modules/react-native/React/**",
				);
				INFOPLIST_FILE = Locl/Info.plist;
				LD_RUNPATH_SEARCH_PATHS = "$(inherited) @executable_path/Frameworks";
				LIBRARY_SEARCH_PATHS = (
					"$(inherited)",
					"$(PROJECT_DIR)/**",
				);
				New_Setting = "";
				OTHER_LDFLAGS = "-ObjC";
				PRODUCT_BUNDLE_IDENTIFIER = "org.reactjs.native.example.$(PRODUCT_NAME:rfc1034identifier)";
				PRODUCT_NAME = Locl;
				PROVISIONING_PROFILE = "";
				SWIFT_OBJC_BRIDGING_HEADER = "Locl-Bridging-Header.h";
			};
			name = Release;
		};
		83CBBA201A601CBA00E9B192 /* Debug */ = {
			isa = XCBuildConfiguration;
			buildSettings = {
				ALWAYS_SEARCH_USER_PATHS = NO;
				CLANG_CXX_LANGUAGE_STANDARD = "gnu++0x";
				CLANG_CXX_LIBRARY = "libc++";
				CLANG_ENABLE_MODULES = YES;
				CLANG_ENABLE_OBJC_ARC = YES;
				CLANG_WARN_BOOL_CONVERSION = YES;
				CLANG_WARN_CONSTANT_CONVERSION = YES;
				CLANG_WARN_DIRECT_OBJC_ISA_USAGE = YES_ERROR;
				CLANG_WARN_EMPTY_BODY = YES;
				CLANG_WARN_ENUM_CONVERSION = YES;
				CLANG_WARN_INT_CONVERSION = YES;
				CLANG_WARN_OBJC_ROOT_CLASS = YES_ERROR;
				CLANG_WARN_UNREACHABLE_CODE = YES;
				CLANG_WARN__DUPLICATE_METHOD_MATCH = YES;
				"CODE_SIGN_IDENTITY[sdk=iphoneos*]" = "iPhone Developer";
				COPY_PHASE_STRIP = NO;
				ENABLE_STRICT_OBJC_MSGSEND = YES;
				ENABLE_TESTABILITY = YES;
				GCC_C_LANGUAGE_STANDARD = gnu99;
				GCC_DYNAMIC_NO_PIC = NO;
				GCC_OPTIMIZATION_LEVEL = 0;
				GCC_PREPROCESSOR_DEFINITIONS = (
					"DEBUG=1",
					"$(inherited)",
				);
				GCC_SYMBOLS_PRIVATE_EXTERN = NO;
				GCC_WARN_64_TO_32_BIT_CONVERSION = YES;
				GCC_WARN_ABOUT_RETURN_TYPE = YES_ERROR;
				GCC_WARN_UNDECLARED_SELECTOR = YES;
				GCC_WARN_UNINITIALIZED_AUTOS = YES_AGGRESSIVE;
				GCC_WARN_UNUSED_FUNCTION = YES;
				GCC_WARN_UNUSED_VARIABLE = YES;
				HEADER_SEARCH_PATHS = (
					"$(inherited)",
					/Applications/Xcode.app/Contents/Developer/Toolchains/XcodeDefault.xctoolchain/usr/include,
					"$(SRCROOT)/../node_modules/react-native/React/**",
				);
				IPHONEOS_DEPLOYMENT_TARGET = 7.0;
				MTL_ENABLE_DEBUG_INFO = YES;
				ONLY_ACTIVE_ARCH = YES;
				SDKROOT = iphoneos;
			};
			name = Debug;
		};
		83CBBA211A601CBA00E9B192 /* Release */ = {
			isa = XCBuildConfiguration;
			buildSettings = {
				ALWAYS_SEARCH_USER_PATHS = NO;
				CLANG_CXX_LANGUAGE_STANDARD = "gnu++0x";
				CLANG_CXX_LIBRARY = "libc++";
				CLANG_ENABLE_MODULES = YES;
				CLANG_ENABLE_OBJC_ARC = YES;
				CLANG_WARN_BOOL_CONVERSION = YES;
				CLANG_WARN_CONSTANT_CONVERSION = YES;
				CLANG_WARN_DIRECT_OBJC_ISA_USAGE = YES_ERROR;
				CLANG_WARN_EMPTY_BODY = YES;
				CLANG_WARN_ENUM_CONVERSION = YES;
				CLANG_WARN_INT_CONVERSION = YES;
				CLANG_WARN_OBJC_ROOT_CLASS = YES_ERROR;
				CLANG_WARN_UNREACHABLE_CODE = YES;
				CLANG_WARN__DUPLICATE_METHOD_MATCH = YES;
				"CODE_SIGN_IDENTITY[sdk=iphoneos*]" = "iPhone Developer";
				COPY_PHASE_STRIP = YES;
				ENABLE_NS_ASSERTIONS = NO;
				ENABLE_STRICT_OBJC_MSGSEND = YES;
				GCC_C_LANGUAGE_STANDARD = gnu99;
				GCC_WARN_64_TO_32_BIT_CONVERSION = YES;
				GCC_WARN_ABOUT_RETURN_TYPE = YES_ERROR;
				GCC_WARN_UNDECLARED_SELECTOR = YES;
				GCC_WARN_UNINITIALIZED_AUTOS = YES_AGGRESSIVE;
				GCC_WARN_UNUSED_FUNCTION = YES;
				GCC_WARN_UNUSED_VARIABLE = YES;
				HEADER_SEARCH_PATHS = (
					"$(inherited)",
					/Applications/Xcode.app/Contents/Developer/Toolchains/XcodeDefault.xctoolchain/usr/include,
					"$(SRCROOT)/../node_modules/react-native/React/**",
				);
				IPHONEOS_DEPLOYMENT_TARGET = 7.0;
				MTL_ENABLE_DEBUG_INFO = NO;
				SDKROOT = iphoneos;
				VALIDATE_PRODUCT = YES;
			};
			name = Release;
		};
/* End XCBuildConfiguration section */

/* Begin XCConfigurationList section */
		00E357021AD99517003FC87E /* Build configuration list for PBXNativeTarget "LoclTests" */ = {
			isa = XCConfigurationList;
			buildConfigurations = (
				00E356F61AD99517003FC87E /* Debug */,
				00E356F71AD99517003FC87E /* Release */,
			);
			defaultConfigurationIsVisible = 0;
			defaultConfigurationName = Release;
		};
		13B07F931A680F5B00A75B9A /* Build configuration list for PBXNativeTarget "Locl" */ = {
			isa = XCConfigurationList;
			buildConfigurations = (
				13B07F941A680F5B00A75B9A /* Debug */,
				13B07F951A680F5B00A75B9A /* Release */,
			);
			defaultConfigurationIsVisible = 0;
			defaultConfigurationName = Release;
		};
		83CBB9FA1A601CBA00E9B192 /* Build configuration list for PBXProject "Locl" */ = {
			isa = XCConfigurationList;
			buildConfigurations = (
				83CBBA201A601CBA00E9B192 /* Debug */,
				83CBBA211A601CBA00E9B192 /* Release */,
			);
			defaultConfigurationIsVisible = 0;
			defaultConfigurationName = Release;
		};
/* End XCConfigurationList section */
	};
	rootObject = 83CBB9F71A601CBA00E9B192 /* Project object */;
}
